
Microsoft Visual Studio Solution File, Format Version 12.00
# Visual Studio Version 16
VisualStudioVersion = 16.0.29009.5
MinimumVisualStudioVersion = 10.0.40219.1
Project("{FAE04EC0-301F-11D3-BF4B-00C04F79EFBC}") = "DelegateCalls", "DelegateCalls\DelegateCalls.csproj", "{2CCA6CFA-FAA0-458A-8C06-113182E2E802}"
EndProject
Global
	GlobalSection(SolutionConfigurationPlatforms) = preSolution
		Debug|Any CPU = Debug|Any CPU
		Release|Any CPU = Release|Any CPU
	EndGlobalSection
	GlobalSection(ProjectConfigurationPlatforms) = postSolution
		{2CCA6CFA-FAA0-458A-8C06-113182E2E802}.Debug|Any CPU.ActiveCfg = Debug|Any CPU
		{2CCA6CFA-FAA0-458A-8C06-113182E2E802}.Debug|Any CPU.Build.0 = Debug|Any CPU
		{2CCA6CFA-FAA0-458A-8C06-113182E2E802}.Release|Any CPU.ActiveCfg = Release|Any CPU
		{2CCA6CFA-FAA0-458A-8C06-113182E2E802}.Release|Any CPU.Build.0 = Release|Any CPU
	EndGlobalSection
	GlobalSection(SolutionProperties) = preSolution
		HideSolutionNode = FALSE
	EndGlobalSection
	GlobalSection(ExtensibilityGlobals) = postSolution
		SolutionGuid = {5E0E66C3-F4F1-45AD-8BA9-1BB203F32C43}
	EndGlobalSection
EndGlobal
